// !$*UTF8*$!
{
	archiveVersion = 1;
	classes = {
	};
	objectVersion = 50;
	objects = {

/* Begin PBXBuildFile section */
		77EDD3712431E920005242FD /* AppDelegate.swift in Sources */ = {isa = PBXBuildFile; fileRef = 77EDD3702431E920005242FD /* AppDelegate.swift */; };
		77EDD3732431E920005242FD /* SceneDelegate.swift in Sources */ = {isa = PBXBuildFile; fileRef = 77EDD3722431E920005242FD /* SceneDelegate.swift */; };
		77EDD3752431E920005242FD /* ViewController.swift in Sources */ = {isa = PBXBuildFile; fileRef = 77EDD3742431E920005242FD /* ViewController.swift */; };
		77EDD3782431E920005242FD /* Main.storyboard in Resources */ = {isa = PBXBuildFile; fileRef = 77EDD3762431E920005242FD /* Main.storyboard */; };
		77EDD37A2431E921005242FD /* Assets.xcassets in Resources */ = {isa = PBXBuildFile; fileRef = 77EDD3792431E921005242FD /* Assets.xcassets */; };
		77EDD37D2431E921005242FD /* LaunchScreen.storyboard in Resources */ = {isa = PBXBuildFile; fileRef = 77EDD37B2431E921005242FD /* LaunchScreen.storyboard */; };
		77EDD3882431E921005242FD /* Youngggju_s_NEWSTests.swift in Sources */ = {isa = PBXBuildFile; fileRef = 77EDD3872431E921005242FD /* Youngggju_s_NEWSTests.swift */; };
		77EDD3932431E921005242FD /* Youngggju_s_NEWSUITests.swift in Sources */ = {isa = PBXBuildFile; fileRef = 77EDD3922431E921005242FD /* Youngggju_s_NEWSUITests.swift */; };
/* End PBXBuildFile section */

/* Begin PBXContainerItemProxy section */
		77EDD3842431E921005242FD /* PBXContainerItemProxy */ = {
			isa = PBXContainerItemProxy;
			containerPortal = 77EDD3652431E920005242FD /* Project object */;
			proxyType = 1;
			remoteGlobalIDString = 77EDD36C2431E920005242FD;
			remoteInfo = "Youngggju's NEWS";
		};
		77EDD38F2431E921005242FD /* PBXContainerItemProxy */ = {
			isa = PBXContainerItemProxy;
			containerPortal = 77EDD3652431E920005242FD /* Project object */;
			proxyType = 1;
			remoteGlobalIDString = 77EDD36C2431E920005242FD;
			remoteInfo = "Youngggju's NEWS";
		};
/* End PBXContainerItemProxy section */

/* Begin PBXFileReference section */
		77EDD36D2431E920005242FD /* Youngggju's NEWS.app */ = {isa = PBXFileReference; explicitFileType = wrapper.application; includeInIndex = 0; path = "Youngggju's NEWS.app"; sourceTree = BUILT_PRODUCTS_DIR; };
		77EDD3702431E920005242FD /* AppDelegate.swift */ = {isa = PBXFileReference; lastKnownFileType = sourcecode.swift; path = AppDelegate.swift; sourceTree = "<group>"; };
		77EDD3722431E920005242FD /* SceneDelegate.swift */ = {isa = PBXFileReference; lastKnownFileType = sourcecode.swift; path = SceneDelegate.swift; sourceTree = "<group>"; };
		77EDD3742431E920005242FD /* ViewController.swift */ = {isa = PBXFileReference; lastKnownFileType = sourcecode.swift; path = ViewController.swift; sourceTree = "<group>"; };
		77EDD3772431E920005242FD /* Base */ = {isa = PBXFileReference; lastKnownFileType = file.storyboard; name = Base; path = Base.lproj/Main.storyboard; sourceTree = "<group>"; };
		77EDD3792431E921005242FD /* Assets.xcassets */ = {isa = PBXFileReference; lastKnownFileType = folder.assetcatalog; path = Assets.xcassets; sourceTree = "<group>"; };
		77EDD37C2431E921005242FD /* Base */ = {isa = PBXFileReference; lastKnownFileType = file.storyboard; name = Base; path = Base.lproj/LaunchScreen.storyboard; sourceTree = "<group>"; };
		77EDD37E2431E921005242FD /* Info.plist */ = {isa = PBXFileReference; lastKnownFileType = text.plist.xml; path = Info.plist; sourceTree = "<group>"; };
		77EDD3832431E921005242FD /* Youngggju's NEWSTests.xctest */ = {isa = PBXFileReference; explicitFileType = wrapper.cfbundle; includeInIndex = 0; path = "Youngggju's NEWSTests.xctest"; sourceTree = BUILT_PRODUCTS_DIR; };
		77EDD3872431E921005242FD /* Youngggju_s_NEWSTests.swift */ = {isa = PBXFileReference; lastKnownFileType = sourcecode.swift; path = Youngggju_s_NEWSTests.swift; sourceTree = "<group>"; };
		77EDD3892431E921005242FD /* Info.plist */ = {isa = PBXFileReference; lastKnownFileType = text.plist.xml; path = Info.plist; sourceTree = "<group>"; };
		77EDD38E2431E921005242FD /* Youngggju's NEWSUITests.xctest */ = {isa = PBXFileReference; explicitFileType = wrapper.cfbundle; includeInIndex = 0; path = "Youngggju's NEWSUITests.xctest"; sourceTree = BUILT_PRODUCTS_DIR; };
		77EDD3922431E921005242FD /* Youngggju_s_NEWSUITests.swift */ = {isa = PBXFileReference; lastKnownFileType = sourcecode.swift; path = Youngggju_s_NEWSUITests.swift; sourceTree = "<group>"; };
		77EDD3942431E921005242FD /* Info.plist */ = {isa = PBXFileReference; lastKnownFileType = text.plist.xml; path = Info.plist; sourceTree = "<group>"; };
/* End PBXFileReference section */

/* Begin PBXFrameworksBuildPhase section */
		77EDD36A2431E920005242FD /* Frameworks */ = {
			isa = PBXFrameworksBuildPhase;
			buildActionMask = 2147483647;
			files = (
			);
			runOnlyForDeploymentPostprocessing = 0;
		};
		77EDD3802431E921005242FD /* Frameworks */ = {
			isa = PBXFrameworksBuildPhase;
			buildActionMask = 2147483647;
			files = (
			);
			runOnlyForDeploymentPostprocessing = 0;
		};
		77EDD38B2431E921005242FD /* Frameworks */ = {
			isa = PBXFrameworksBuildPhase;
			buildActionMask = 2147483647;
			files = (
			);
			runOnlyForDeploymentPostprocessing = 0;
		};
/* End PBXFrameworksBuildPhase section */

/* Begin PBXGroup section */
		77EDD3642431E920005242FD = {
			isa = PBXGroup;
			children = (
				77EDD36F2431E920005242FD /* Youngggju's NEWS */,
				77EDD3862431E921005242FD /* Youngggju's NEWSTests */,
				77EDD3912431E921005242FD /* Youngggju's NEWSUITests */,
				77EDD36E2431E920005242FD /* Products */,
			);
			sourceTree = "<group>";
		};
		77EDD36E2431E920005242FD /* Products */ = {
			isa = PBXGroup;
			children = (
				77EDD36D2431E920005242FD /* Youngggju's NEWS.app */,
				77EDD3832431E921005242FD /* Youngggju's NEWSTests.xctest */,
				77EDD38E2431E921005242FD /* Youngggju's NEWSUITests.xctest */,
			);
			name = Products;
			sourceTree = "<group>";
		};
		77EDD36F2431E920005242FD /* Youngggju's NEWS */ = {
			isa = PBXGroup;
			children = (
				77EDD3702431E920005242FD /* AppDelegate.swift */,
				77EDD3722431E920005242FD /* SceneDelegate.swift */,
				77EDD3742431E920005242FD /* ViewController.swift */,
				77EDD3762431E920005242FD /* Main.storyboard */,
				77EDD3792431E921005242FD /* Assets.xcassets */,
				77EDD37B2431E921005242FD /* LaunchScreen.storyboard */,
				77EDD37E2431E921005242FD /* Info.plist */,
			);
			path = "Youngggju's NEWS";
			sourceTree = "<group>";
		};
		77EDD3862431E921005242FD /* Youngggju's NEWSTests */ = {
			isa = PBXGroup;
			children = (
				77EDD3872431E921005242FD /* Youngggju_s_NEWSTests.swift */,
				77EDD3892431E921005242FD /* Info.plist */,
			);
			path = "Youngggju's NEWSTests";
			sourceTree = "<group>";
		};
		77EDD3912431E921005242FD /* Youngggju's NEWSUITests */ = {
			isa = PBXGroup;
			children = (
				77EDD3922431E921005242FD /* Youngggju_s_NEWSUITests.swift */,
				77EDD3942431E921005242FD /* Info.plist */,
			);
			path = "Youngggju's NEWSUITests";
			sourceTree = "<group>";
		};
/* End PBXGroup section */

/* Begin PBXNativeTarget section */
		77EDD36C2431E920005242FD /* Youngggju's NEWS */ = {
			isa = PBXNativeTarget;
			buildConfigurationList = 77EDD3972431E921005242FD /* Build configuration list for PBXNativeTarget "Youngggju's NEWS" */;
			buildPhases = (
				77EDD3692431E920005242FD /* Sources */,
				77EDD36A2431E920005242FD /* Frameworks */,
				77EDD36B2431E920005242FD /* Resources */,
			);
			buildRules = (
			);
			dependencies = (
			);
			name = "Youngggju's NEWS";
			productName = "Youngggju's NEWS";
			productReference = 77EDD36D2431E920005242FD /* Youngggju's NEWS.app */;
			productType = "com.apple.product-type.application";
		};
		77EDD3822431E921005242FD /* Youngggju's NEWSTests */ = {
			isa = PBXNativeTarget;
			buildConfigurationList = 77EDD39A2431E921005242FD /* Build configuration list for PBXNativeTarget "Youngggju's NEWSTests" */;
			buildPhases = (
				77EDD37F2431E921005242FD /* Sources */,
				77EDD3802431E921005242FD /* Frameworks */,
				77EDD3812431E921005242FD /* Resources */,
			);
			buildRules = (
			);
			dependencies = (
				77EDD3852431E921005242FD /* PBXTargetDependency */,
			);
			name = "Youngggju's NEWSTests";
			productName = "Youngggju's NEWSTests";
			productReference = 77EDD3832431E921005242FD /* Youngggju's NEWSTests.xctest */;
			productType = "com.apple.product-type.bundle.unit-test";
		};
		77EDD38D2431E921005242FD /* Youngggju's NEWSUITests */ = {
			isa = PBXNativeTarget;
			buildConfigurationList = 77EDD39D2431E921005242FD /* Build configuration list for PBXNativeTarget "Youngggju's NEWSUITests" */;
			buildPhases = (
				77EDD38A2431E921005242FD /* Sources */,
				77EDD38B2431E921005242FD /* Frameworks */,
				77EDD38C2431E921005242FD /* Resources */,
			);
			buildRules = (
			);
			dependencies = (
				77EDD3902431E921005242FD /* PBXTargetDependency */,
			);
			name = "Youngggju's NEWSUITests";
			productName = "Youngggju's NEWSUITests";
			productReference = 77EDD38E2431E921005242FD /* Youngggju's NEWSUITests.xctest */;
			productType = "com.apple.product-type.bundle.ui-testing";
		};
/* End PBXNativeTarget section */

/* Begin PBXProject section */
		77EDD3652431E920005242FD /* Project object */ = {
			isa = PBXProject;
			attributes = {
				LastSwiftUpdateCheck = 1140;
				LastUpgradeCheck = 1140;
				ORGANIZATIONNAME = "권영주";
				TargetAttributes = {
					77EDD36C2431E920005242FD = {
						CreatedOnToolsVersion = 11.4;
					};
					77EDD3822431E921005242FD = {
						CreatedOnToolsVersion = 11.4;
						TestTargetID = 77EDD36C2431E920005242FD;
					};
					77EDD38D2431E921005242FD = {
						CreatedOnToolsVersion = 11.4;
						TestTargetID = 77EDD36C2431E920005242FD;
					};
				};
			};
			buildConfigurationList = 77EDD3682431E920005242FD /* Build configuration list for PBXProject "Youngggju's NEWS" */;
			compatibilityVersion = "Xcode 9.3";
			developmentRegion = en;
			hasScannedForEncodings = 0;
			knownRegions = (
				en,
				Base,
			);
			mainGroup = 77EDD3642431E920005242FD;
			productRefGroup = 77EDD36E2431E920005242FD /* Products */;
			projectDirPath = "";
			projectRoot = "";
			targets = (
				77EDD36C2431E920005242FD /* Youngggju's NEWS */,
				77EDD3822431E921005242FD /* Youngggju's NEWSTests */,
				77EDD38D2431E921005242FD /* Youngggju's NEWSUITests */,
			);
		};
/* End PBXProject section */

/* Begin PBXResourcesBuildPhase section */
		77EDD36B2431E920005242FD /* Resources */ = {
			isa = PBXResourcesBuildPhase;
			buildActionMask = 2147483647;
			files = (
				77EDD37D2431E921005242FD /* LaunchScreen.storyboard in Resources */,
				77EDD37A2431E921005242FD /* Assets.xcassets in Resources */,
				77EDD3782431E920005242FD /* Main.storyboard in Resources */,
			);
			runOnlyForDeploymentPostprocessing = 0;
		};
		77EDD3812431E921005242FD /* Resources */ = {
			isa = PBXResourcesBuildPhase;
			buildActionMask = 2147483647;
			files = (
			);
			runOnlyForDeploymentPostprocessing = 0;
		};
		77EDD38C2431E921005242FD /* Resources */ = {
			isa = PBXResourcesBuildPhase;
			buildActionMask = 2147483647;
			files = (
			);
			runOnlyForDeploymentPostprocessing = 0;
		};
/* End PBXResourcesBuildPhase section */

/* Begin PBXSourcesBuildPhase section */
		77EDD3692431E920005242FD /* Sources */ = {
			isa = PBXSourcesBuildPhase;
			buildActionMask = 2147483647;
			files = (
				77EDD3752431E920005242FD /* ViewController.swift in Sources */,
				77EDD3712431E920005242FD /* AppDelegate.swift in Sources */,
				77EDD3732431E920005242FD /* SceneDelegate.swift in Sources */,
			);
			runOnlyForDeploymentPostprocessing = 0;
		};
		77EDD37F2431E921005242FD /* Sources */ = {
			isa = PBXSourcesBuildPhase;
			buildActionMask = 2147483647;
			files = (
				77EDD3882431E921005242FD /* Youngggju_s_NEWSTests.swift in Sources */,
			);
			runOnlyForDeploymentPostprocessing = 0;
		};
		77EDD38A2431E921005242FD /* Sources */ = {
			isa = PBXSourcesBuildPhase;
			buildActionMask = 2147483647;
			files = (
				77EDD3932431E921005242FD /* Youngggju_s_NEWSUITests.swift in Sources */,
			);
			runOnlyForDeploymentPostprocessing = 0;
		};
/* End PBXSourcesBuildPhase section */

/* Begin PBXTargetDependency section */
		77EDD3852431E921005242FD /* PBXTargetDependency */ = {
			isa = PBXTargetDependency;
			target = 77EDD36C2431E920005242FD /* Youngggju's NEWS */;
			targetProxy = 77EDD3842431E921005242FD /* PBXContainerItemProxy */;
		};
		77EDD3902431E921005242FD /* PBXTargetDependency */ = {
			isa = PBXTargetDependency;
			target = 77EDD36C2431E920005242FD /* Youngggju's NEWS */;
			targetProxy = 77EDD38F2431E921005242FD /* PBXContainerItemProxy */;
		};
/* End PBXTargetDependency section */

/* Begin PBXVariantGroup section */
		77EDD3762431E920005242FD /* Main.storyboard */ = {
			isa = PBXVariantGroup;
			children = (
				77EDD3772431E920005242FD /* Base */,
			);
			name = Main.storyboard;
			sourceTree = "<group>";
		};
		77EDD37B2431E921005242FD /* LaunchScreen.storyboard */ = {
			isa = PBXVariantGroup;
			children = (
				77EDD37C2431E921005242FD /* Base */,
			);
			name = LaunchScreen.storyboard;
			sourceTree = "<group>";
		};
/* End PBXVariantGroup section */

/* Begin XCBuildConfiguration section */
		77EDD3952431E921005242FD /* Debug */ = {
			isa = XCBuildConfiguration;
			buildSettings = {
				ALWAYS_SEARCH_USER_PATHS = NO;
				CLANG_ANALYZER_NONNULL = YES;
				CLANG_ANALYZER_NUMBER_OBJECT_CONVERSION = YES_AGGRESSIVE;
				CLANG_CXX_LANGUAGE_STANDARD = "gnu++14";
				CLANG_CXX_LIBRARY = "libc++";
				CLANG_ENABLE_MODULES = YES;
				CLANG_ENABLE_OBJC_ARC = YES;
				CLANG_ENABLE_OBJC_WEAK = YES;
				CLANG_WARN_BLOCK_CAPTURE_AUTORELEASING = YES;
				CLANG_WARN_BOOL_CONVERSION = YES;
				CLANG_WARN_COMMA = YES;
				CLANG_WARN_CONSTANT_CONVERSION = YES;
				CLANG_WARN_DEPRECATED_OBJC_IMPLEMENTATIONS = YES;
				CLANG_WARN_DIRECT_OBJC_ISA_USAGE = YES_ERROR;
				CLANG_WARN_DOCUMENTATION_COMMENTS = YES;
				CLANG_WARN_EMPTY_BODY = YES;
				CLANG_WARN_ENUM_CONVERSION = YES;
				CLANG_WARN_INFINITE_RECURSION = YES;
				CLANG_WARN_INT_CONVERSION = YES;
				CLANG_WARN_NON_LITERAL_NULL_CONVERSION = YES;
				CLANG_WARN_OBJC_IMPLICIT_RETAIN_SELF = YES;
				CLANG_WARN_OBJC_LITERAL_CONVERSION = YES;
				CLANG_WARN_OBJC_ROOT_CLASS = YES_ERROR;
				CLANG_WARN_RANGE_LOOP_ANALYSIS = YES;
				CLANG_WARN_STRICT_PROTOTYPES = YES;
				CLANG_WARN_SUSPICIOUS_MOVE = YES;
				CLANG_WARN_UNGUARDED_AVAILABILITY = YES_AGGRESSIVE;
				CLANG_WARN_UNREACHABLE_CODE = YES;
				CLANG_WARN__DUPLICATE_METHOD_MATCH = YES;
				COPY_PHASE_STRIP = NO;
				DEBUG_INFORMATION_FORMAT = dwarf;
				ENABLE_STRICT_OBJC_MSGSEND = YES;
				ENABLE_TESTABILITY = YES;
				GCC_C_LANGUAGE_STANDARD = gnu11;
				GCC_DYNAMIC_NO_PIC = NO;
				GCC_NO_COMMON_BLOCKS = YES;
				GCC_OPTIMIZATION_LEVEL = 0;
				GCC_PREPROCESSOR_DEFINITIONS = (
					"DEBUG=1",
					"$(inherited)",
				);
				GCC_WARN_64_TO_32_BIT_CONVERSION = YES;
				GCC_WARN_ABOUT_RETURN_TYPE = YES_ERROR;
				GCC_WARN_UNDECLARED_SELECTOR = YES;
				GCC_WARN_UNINITIALIZED_AUTOS = YES_AGGRESSIVE;
				GCC_WARN_UNUSED_FUNCTION = YES;
				GCC_WARN_UNUSED_VARIABLE = YES;
				IPHONEOS_DEPLOYMENT_TARGET = 13.4;
				MTL_ENABLE_DEBUG_INFO = INCLUDE_SOURCE;
				MTL_FAST_MATH = YES;
				ONLY_ACTIVE_ARCH = YES;
				SDKROOT = iphoneos;
				SWIFT_ACTIVE_COMPILATION_CONDITIONS = DEBUG;
				SWIFT_OPTIMIZATION_LEVEL = "-Onone";
			};
			name = Debug;
		};
		77EDD3962431E921005242FD /* Release */ = {
			isa = XCBuildConfiguration;
			buildSettings = {
				ALWAYS_SEARCH_USER_PATHS = NO;
				CLANG_ANALYZER_NONNULL = YES;
				CLANG_ANALYZER_NUMBER_OBJECT_CONVERSION = YES_AGGRESSIVE;
				CLANG_CXX_LANGUAGE_STANDARD = "gnu++14";
				CLANG_CXX_LIBRARY = "libc++";
				CLANG_ENABLE_MODULES = YES;
				CLANG_ENABLE_OBJC_ARC = YES;
				CLANG_ENABLE_OBJC_WEAK = YES;
				CLANG_WARN_BLOCK_CAPTURE_AUTORELEASING = YES;
				CLANG_WARN_BOOL_CONVERSION = YES;
				CLANG_WARN_COMMA = YES;
				CLANG_WARN_CONSTANT_CONVERSION = YES;
				CLANG_WARN_DEPRECATED_OBJC_IMPLEMENTATIONS = YES;
				CLANG_WARN_DIRECT_OBJC_ISA_USAGE = YES_ERROR;
				CLANG_WARN_DOCUMENTATION_COMMENTS = YES;
				CLANG_WARN_EMPTY_BODY = YES;
				CLANG_WARN_ENUM_CONVERSION = YES;
				CLANG_WARN_INFINITE_RECURSION = YES;
				CLANG_WARN_INT_CONVERSION = YES;
				CLANG_WARN_NON_LITERAL_NULL_CONVERSION = YES;
				CLANG_WARN_OBJC_IMPLICIT_RETAIN_SELF = YES;
				CLANG_WARN_OBJC_LITERAL_CONVERSION = YES;
				CLANG_WARN_OBJC_ROOT_CLASS = YES_ERROR;
				CLANG_WARN_RANGE_LOOP_ANALYSIS = YES;
				CLANG_WARN_STRICT_PROTOTYPES = YES;
				CLANG_WARN_SUSPICIOUS_MOVE = YES;
				CLANG_WARN_UNGUARDED_AVAILABILITY = YES_AGGRESSIVE;
				CLANG_WARN_UNREACHABLE_CODE = YES;
				CLANG_WARN__DUPLICATE_METHOD_MATCH = YES;
				COPY_PHASE_STRIP = NO;
				DEBUG_INFORMATION_FORMAT = "dwarf-with-dsym";
				ENABLE_NS_ASSERTIONS = NO;
				ENABLE_STRICT_OBJC_MSGSEND = YES;
				GCC_C_LANGUAGE_STANDARD = gnu11;
				GCC_NO_COMMON_BLOCKS = YES;
				GCC_WARN_64_TO_32_BIT_CONVERSION = YES;
				GCC_WARN_ABOUT_RETURN_TYPE = YES_ERROR;
				GCC_WARN_UNDECLARED_SELECTOR = YES;
				GCC_WARN_UNINITIALIZED_AUTOS = YES_AGGRESSIVE;
				GCC_WARN_UNUSED_FUNCTION = YES;
				GCC_WARN_UNUSED_VARIABLE = YES;
				IPHONEOS_DEPLOYMENT_TARGET = 13.4;
				MTL_ENABLE_DEBUG_INFO = NO;
				MTL_FAST_MATH = YES;
				SDKROOT = iphoneos;
				SWIFT_COMPILATION_MODE = wholemodule;
				SWIFT_OPTIMIZATION_LEVEL = "-O";
				VALIDATE_PRODUCT = YES;
			};
			name = Release;
		};
		77EDD3982431E921005242FD /* Debug */ = {
			isa = XCBuildConfiguration;
			buildSettings = {
				ASSETCATALOG_COMPILER_APPICON_NAME = AppIcon;
				CODE_SIGN_STYLE = Automatic;
				INFOPLIST_FILE = "Youngggju's NEWS/Info.plist";
				LD_RUNPATH_SEARCH_PATHS = (
					"$(inherited)",
					"@executable_path/Frameworks",
				);
				PRODUCT_BUNDLE_IDENTIFIER = "com.youngggju.lab.Youngggju-s-NEWS";
				PRODUCT_NAME = "$(TARGET_NAME)";
				SWIFT_VERSION = 5.0;
				TARGETED_DEVICE_FAMILY = "1,2";
			};
			name = Debug;
		};
		77EDD3992431E921005242FD /* Release */ = {
			isa = XCBuildConfiguration;
			buildSettings = {
				ASSETCATALOG_COMPILER_APPICON_NAME = AppIcon;
				CODE_SIGN_STYLE = Automatic;
				INFOPLIST_FILE = "Youngggju's NEWS/Info.plist";
				LD_RUNPATH_SEARCH_PATHS = (
					"$(inherited)",
					"@executable_path/Frameworks",
				);
				PRODUCT_BUNDLE_IDENTIFIER = "com.youngggju.lab.Youngggju-s-NEWS";
				PRODUCT_NAME = "$(TARGET_NAME)";
				SWIFT_VERSION = 5.0;
				TARGETED_DEVICE_FAMILY = "1,2";
			};
			name = Release;
		};
		77EDD39B2431E921005242FD /* Debug */ = {
			isa = XCBuildConfiguration;
			buildSettings = {
				ALWAYS_EMBED_SWIFT_STANDARD_LIBRARIES = YES;
				BUNDLE_LOADER = "$(TEST_HOST)";
				CODE_SIGN_STYLE = Automatic;
				INFOPLIST_FILE = "Youngggju's NEWSTests/Info.plist";
				IPHONEOS_DEPLOYMENT_TARGET = 13.4;
				LD_RUNPATH_SEARCH_PATHS = (
					"$(inherited)",
					"@executable_path/Frameworks",
					"@loader_path/Frameworks",
				);
				PRODUCT_BUNDLE_IDENTIFIER = "com.youngggju.lab.Youngggju-s-NEWSTests";
				PRODUCT_NAME = "$(TARGET_NAME)";
				SWIFT_VERSION = 5.0;
				TARGETED_DEVICE_FAMILY = "1,2";
				TEST_HOST = "$(BUILT_PRODUCTS_DIR)/Youngggju's NEWS.app/Youngggju's NEWS";
			};
			name = Debug;
		};
		77EDD39C2431E921005242FD /* Release */ = {
			isa = XCBuildConfiguration;
			buildSettings = {
				ALWAYS_EMBED_SWIFT_STANDARD_LIBRARIES = YES;
				BUNDLE_LOADER = "$(TEST_HOST)";
				CODE_SIGN_STYLE = Automatic;
				INFOPLIST_FILE = "Youngggju's NEWSTests/Info.plist";
				IPHONEOS_DEPLOYMENT_TARGET = 13.4;
				LD_RUNPATH_SEARCH_PATHS = (
					"$(inherited)",
					"@executable_path/Frameworks",
					"@loader_path/Frameworks",
				);
				PRODUCT_BUNDLE_IDENTIFIER = "com.youngggju.lab.Youngggju-s-NEWSTests";
				PRODUCT_NAME = "$(TARGET_NAME)";
				SWIFT_VERSION = 5.0;
				TARGETED_DEVICE_FAMILY = "1,2";
				TEST_HOST = "$(BUILT_PRODUCTS_DIR)/Youngggju's NEWS.app/Youngggju's NEWS";
			};
			name = Release;
		};
		77EDD39E2431E921005242FD /* Debug */ = {
			isa = XCBuildConfiguration;
			buildSettings = {
				ALWAYS_EMBED_SWIFT_STANDARD_LIBRARIES = YES;
				CODE_SIGN_STYLE = Automatic;
				INFOPLIST_FILE = "Youngggju's NEWSUITests/Info.plist";
				LD_RUNPATH_SEARCH_PATHS = (
					"$(inherited)",
					"@executable_path/Frameworks",
					"@loader_path/Frameworks",
				);
				PRODUCT_BUNDLE_IDENTIFIER = "com.youngggju.lab.Youngggju-s-NEWSUITests";
				PRODUCT_NAME = "$(TARGET_NAME)";
				SWIFT_VERSION = 5.0;
				TARGETED_DEVICE_FAMILY = "1,2";
				TEST_TARGET_NAME = "Youngggju's NEWS";
			};
			name = Debug;
		};
		77EDD39F2431E921005242FD /* Release */ = {
			isa = XCBuildConfiguration;
			buildSettings = {
				ALWAYS_EMBED_SWIFT_STANDARD_LIBRARIES = YES;
				CODE_SIGN_STYLE = Automatic;
				INFOPLIST_FILE = "Youngggju's NEWSUITests/Info.plist";
				LD_RUNPATH_SEARCH_PATHS = (
					"$(inherited)",
					"@executable_path/Frameworks",
					"@loader_path/Frameworks",
				);
				PRODUCT_BUNDLE_IDENTIFIER = "com.youngggju.lab.Youngggju-s-NEWSUITests";
				PRODUCT_NAME = "$(TARGET_NAME)";
				SWIFT_VERSION = 5.0;
				TARGETED_DEVICE_FAMILY = "1,2";
				TEST_TARGET_NAME = "Youngggju's NEWS";
			};
			name = Release;
		};
/* End XCBuildConfiguration section */

/* Begin XCConfigurationList section */
		77EDD3682431E920005242FD /* Build configuration list for PBXProject "Youngggju's NEWS" */ = {
			isa = XCConfigurationList;
			buildConfigurations = (
				77EDD3952431E921005242FD /* Debug */,
				77EDD3962431E921005242FD /* Release */,
			);
			defaultConfigurationIsVisible = 0;
			defaultConfigurationName = Release;
		};
		77EDD3972431E921005242FD /* Build configuration list for PBXNativeTarget "Youngggju's NEWS" */ = {
			isa = XCConfigurationList;
			buildConfigurations = (
				77EDD3982431E921005242FD /* Debug */,
				77EDD3992431E921005242FD /* Release */,
			);
			defaultConfigurationIsVisible = 0;
			defaultConfigurationName = Release;
		};
		77EDD39A2431E921005242FD /* Build configuration list for PBXNativeTarget "Youngggju's NEWSTests" */ = {
			isa = XCConfigurationList;
			buildConfigurations = (
				77EDD39B2431E921005242FD /* Debug */,
				77EDD39C2431E921005242FD /* Release */,
			);
			defaultConfigurationIsVisible = 0;
			defaultConfigurationName = Release;
		};
		77EDD39D2431E921005242FD /* Build configuration list for PBXNativeTarget "Youngggju's NEWSUITests" */ = {
			isa = XCConfigurationList;
			buildConfigurations = (
				77EDD39E2431E921005242FD /* Debug */,
				77EDD39F2431E921005242FD /* Release */,
			);
			defaultConfigurationIsVisible = 0;
			defaultConfigurationName = Release;
		};
/* End XCConfigurationList section */
	};
	rootObject = 77EDD3652431E920005242FD /* Project object */;
}
